
Microsoft Visual Studio Solution File, Format Version 12.00
# Visual Studio 15
VisualStudioVersion = 15.0.26206.0
MinimumVisualStudioVersion = 10.0.40219.1
Project("{FAE04EC0-301F-11D3-BF4B-00C04F79EFBC}") = "SelfmadeIoC", "SelfmadeIoC\SelfmadeIoC.csproj", "{049C490A-B080-4B5D-A29B-54B59601356E}"
EndProject
Project("{FAE04EC0-301F-11D3-BF4B-00C04F79EFBC}") = "XPerimentsTest", "XPerimentsTest\XPerimentsTest.csproj", "{36DACD81-078E-43A2-87D1-584D74AAF779}"
EndProject
Project("{FAE04EC0-301F-11D3-BF4B-00C04F79EFBC}") = "EFDecoupled", "EFDecoupled\EFDecoupled.csproj", "{275D8DF0-1654-4453-91E9-5287288866ED}"
EndProject
Project("{2150E333-8FDC-42A3-9474-1A3956D46DE8}") = "Solution Items", "Solution Items", "{69CB70EC-1DF9-4D3D-A93B-2DE8022DD8B1}"
	ProjectSection(SolutionItems) = preProject
		README.md = README.md
	EndProjectSection
EndProject
Project("{FAE04EC0-301F-11D3-BF4B-00C04F79EFBC}") = "BoundariesI", "BoundariesI\BoundariesI.csproj", "{DB8D365F-7BD0-430F-AF92-282E3A7583FF}"
EndProject
Project("{FAE04EC0-301F-11D3-BF4B-00C04F79EFBC}") = "BoundariesII", "BoundariesII\BoundariesII.csproj", "{827B2A93-6450-4BB8-BB60-D99CE9891961}"
EndProject
Project("{FAE04EC0-301F-11D3-BF4B-00C04F79EFBC}") = "IG.Validations", "IG.Validations\IG.Validations.csproj", "{9734762D-E0BC-49FA-97BD-AC59ECBB463D}"
EndProject
Project("{FAE04EC0-301F-11D3-BF4B-00C04F79EFBC}") = "IG.ResourceAssistant", "ResourceAssistant\IG.ResourceAssistant.csproj", "{D6A36CCF-680B-4510-BF36-EC56CA8F244C}"
EndProject
Project("{FAE04EC0-301F-11D3-BF4B-00C04F79EFBC}") = "IG.Extensions", "ConversionExtensions\IG.Extensions.csproj", "{C91B2F2E-4E32-4B76-9E84-1B0603EA187C}"
EndProject
Project("{FAE04EC0-301F-11D3-BF4B-00C04F79EFBC}") = "IG.XmlAssistant", "XmlTools\IG.XmlAssistant.csproj", "{42D3C8D0-56E9-418F-9274-689209B4F169}"
EndProject
Project("{FAE04EC0-301F-11D3-BF4B-00C04F79EFBC}") = "IG.Repository", "IG.Repository\IG.Repository.csproj", "{0E44F27B-AE32-4B7F-A646-60802218F354}"
EndProject
Project("{2150E333-8FDC-42A3-9474-1A3956D46DE8}") = "Toolbox", "Toolbox", "{1EF7E9CE-FAF1-466C-99CF-C24585350579}"
EndProject
Project("{FAE04EC0-301F-11D3-BF4B-00C04F79EFBC}") = "ConsoleToolbox", "CopyHelper_DirRemover\ConsoleToolbox.csproj", "{665F83EF-0F99-4FAF-9169-8CA1ABA5C451}"
EndProject
Project("{FAE04EC0-301F-11D3-BF4B-00C04F79EFBC}") = "IG.Caching", "IG.Caching\IG.Caching.csproj", "{BD96BC5F-9F6F-4168-8D68-924ECDEACBAD}"
EndProject
Project("{FAE04EC0-301F-11D3-BF4B-00C04F79EFBC}") = "WinFormsToolbox", "WinFormsToolbox\WinFormsToolbox.csproj", "{D4D4CB9A-D408-4664-9AC9-F7EDB5A6F87F}"
EndProject
Project("{FAE04EC0-301F-11D3-BF4B-00C04F79EFBC}") = "Toolbox.Core", "Toolbox.Core\Toolbox.Core.csproj", "{7C5F5E24-9129-43ED-BA8D-AC68EE1CB7BD}"
EndProject
Project("{2150E333-8FDC-42A3-9474-1A3956D46DE8}") = "Standalone Tools", "Standalone Tools", "{D1C58248-A80B-46B5-85AA-1F4BAA829CDB}"
EndProject
Project("{FAE04EC0-301F-11D3-BF4B-00C04F79EFBC}") = "Mp3RegexEditor", "Mp3RegexEditor\Mp3RegexEditor.csproj", "{3DDEFF20-5375-470A-90BC-F435F52E46E3}"
EndProject
Project("{2150E333-8FDC-42A3-9474-1A3956D46DE8}") = "Experiments", "Experiments", "{28073404-EA9A-4030-B4CA-65A81873D44C}"
EndProject
Project("{FAE04EC0-301F-11D3-BF4B-00C04F79EFBC}") = "UnitySetup", "UnitySetup\UnitySetup.csproj", "{7990D806-F548-48AD-9258-74651FE18AD0}"
EndProject
Project("{FAE04EC0-301F-11D3-BF4B-00C04F79EFBC}") = "CommonLogging", "CommonLogging\CommonLogging.csproj", "{445124B0-EAB3-4C45-8AAE-23D8CA2FA666}"
EndProject
Project("{FAE04EC0-301F-11D3-BF4B-00C04F79EFBC}") = "ApiApp4.6", "ApiApp4.6\ApiApp4.6.csproj", "{FBD1584E-AB85-4852-8412-F9B2EEF46750}"
EndProject
Global
	GlobalSection(SolutionConfigurationPlatforms) = preSolution
		Debug|Any CPU = Debug|Any CPU
		Debug|x64 = Debug|x64
		Debug|x86 = Debug|x86
		Release|Any CPU = Release|Any CPU
		Release|x64 = Release|x64
		Release|x86 = Release|x86
	EndGlobalSection
	GlobalSection(ProjectConfigurationPlatforms) = postSolution
		{049C490A-B080-4B5D-A29B-54B59601356E}.Debug|Any CPU.ActiveCfg = Debug|Any CPU
		{049C490A-B080-4B5D-A29B-54B59601356E}.Debug|Any CPU.Build.0 = Debug|Any CPU
		{049C490A-B080-4B5D-A29B-54B59601356E}.Debug|x64.ActiveCfg = Debug|Any CPU
		{049C490A-B080-4B5D-A29B-54B59601356E}.Debug|x64.Build.0 = Debug|Any CPU
		{049C490A-B080-4B5D-A29B-54B59601356E}.Debug|x86.ActiveCfg = Debug|Any CPU
		{049C490A-B080-4B5D-A29B-54B59601356E}.Debug|x86.Build.0 = Debug|Any CPU
		{049C490A-B080-4B5D-A29B-54B59601356E}.Release|Any CPU.ActiveCfg = Release|Any CPU
		{049C490A-B080-4B5D-A29B-54B59601356E}.Release|Any CPU.Build.0 = Release|Any CPU
		{049C490A-B080-4B5D-A29B-54B59601356E}.Release|x64.ActiveCfg = Release|Any CPU
		{049C490A-B080-4B5D-A29B-54B59601356E}.Release|x64.Build.0 = Release|Any CPU
		{049C490A-B080-4B5D-A29B-54B59601356E}.Release|x86.ActiveCfg = Release|Any CPU
		{049C490A-B080-4B5D-A29B-54B59601356E}.Release|x86.Build.0 = Release|Any CPU
		{36DACD81-078E-43A2-87D1-584D74AAF779}.Debug|Any CPU.ActiveCfg = Debug|Any CPU
		{36DACD81-078E-43A2-87D1-584D74AAF779}.Debug|Any CPU.Build.0 = Debug|Any CPU
		{36DACD81-078E-43A2-87D1-584D74AAF779}.Debug|x64.ActiveCfg = Debug|Any CPU
		{36DACD81-078E-43A2-87D1-584D74AAF779}.Debug|x64.Build.0 = Debug|Any CPU
		{36DACD81-078E-43A2-87D1-584D74AAF779}.Debug|x86.ActiveCfg = Debug|Any CPU
		{36DACD81-078E-43A2-87D1-584D74AAF779}.Debug|x86.Build.0 = Debug|Any CPU
		{36DACD81-078E-43A2-87D1-584D74AAF779}.Release|Any CPU.ActiveCfg = Release|Any CPU
		{36DACD81-078E-43A2-87D1-584D74AAF779}.Release|Any CPU.Build.0 = Release|Any CPU
		{36DACD81-078E-43A2-87D1-584D74AAF779}.Release|x64.ActiveCfg = Release|Any CPU
		{36DACD81-078E-43A2-87D1-584D74AAF779}.Release|x64.Build.0 = Release|Any CPU
		{36DACD81-078E-43A2-87D1-584D74AAF779}.Release|x86.ActiveCfg = Release|Any CPU
		{36DACD81-078E-43A2-87D1-584D74AAF779}.Release|x86.Build.0 = Release|Any CPU
		{275D8DF0-1654-4453-91E9-5287288866ED}.Debug|Any CPU.ActiveCfg = Debug|Any CPU
		{275D8DF0-1654-4453-91E9-5287288866ED}.Debug|Any CPU.Build.0 = Debug|Any CPU
		{275D8DF0-1654-4453-91E9-5287288866ED}.Debug|x64.ActiveCfg = Debug|Any CPU
		{275D8DF0-1654-4453-91E9-5287288866ED}.Debug|x64.Build.0 = Debug|Any CPU
		{275D8DF0-1654-4453-91E9-5287288866ED}.Debug|x86.ActiveCfg = Debug|Any CPU
		{275D8DF0-1654-4453-91E9-5287288866ED}.Debug|x86.Build.0 = Debug|Any CPU
		{275D8DF0-1654-4453-91E9-5287288866ED}.Release|Any CPU.ActiveCfg = Release|Any CPU
		{275D8DF0-1654-4453-91E9-5287288866ED}.Release|Any CPU.Build.0 = Release|Any CPU
		{275D8DF0-1654-4453-91E9-5287288866ED}.Release|x64.ActiveCfg = Release|Any CPU
		{275D8DF0-1654-4453-91E9-5287288866ED}.Release|x64.Build.0 = Release|Any CPU
		{275D8DF0-1654-4453-91E9-5287288866ED}.Release|x86.ActiveCfg = Release|Any CPU
		{275D8DF0-1654-4453-91E9-5287288866ED}.Release|x86.Build.0 = Release|Any CPU
		{DB8D365F-7BD0-430F-AF92-282E3A7583FF}.Debug|Any CPU.ActiveCfg = Debug|Any CPU
		{DB8D365F-7BD0-430F-AF92-282E3A7583FF}.Debug|Any CPU.Build.0 = Debug|Any CPU
		{DB8D365F-7BD0-430F-AF92-282E3A7583FF}.Debug|x64.ActiveCfg = Debug|Any CPU
		{DB8D365F-7BD0-430F-AF92-282E3A7583FF}.Debug|x64.Build.0 = Debug|Any CPU
		{DB8D365F-7BD0-430F-AF92-282E3A7583FF}.Debug|x86.ActiveCfg = Debug|Any CPU
		{DB8D365F-7BD0-430F-AF92-282E3A7583FF}.Debug|x86.Build.0 = Debug|Any CPU
		{DB8D365F-7BD0-430F-AF92-282E3A7583FF}.Release|Any CPU.ActiveCfg = Release|Any CPU
		{DB8D365F-7BD0-430F-AF92-282E3A7583FF}.Release|Any CPU.Build.0 = Release|Any CPU
		{DB8D365F-7BD0-430F-AF92-282E3A7583FF}.Release|x64.ActiveCfg = Release|Any CPU
		{DB8D365F-7BD0-430F-AF92-282E3A7583FF}.Release|x64.Build.0 = Release|Any CPU
		{DB8D365F-7BD0-430F-AF92-282E3A7583FF}.Release|x86.ActiveCfg = Release|Any CPU
		{DB8D365F-7BD0-430F-AF92-282E3A7583FF}.Release|x86.Build.0 = Release|Any CPU
		{827B2A93-6450-4BB8-BB60-D99CE9891961}.Debug|Any CPU.ActiveCfg = Debug|Any CPU
		{827B2A93-6450-4BB8-BB60-D99CE9891961}.Debug|Any CPU.Build.0 = Debug|Any CPU
		{827B2A93-6450-4BB8-BB60-D99CE9891961}.Debug|x64.ActiveCfg = Debug|Any CPU
		{827B2A93-6450-4BB8-BB60-D99CE9891961}.Debug|x64.Build.0 = Debug|Any CPU
		{827B2A93-6450-4BB8-BB60-D99CE9891961}.Debug|x86.ActiveCfg = Debug|Any CPU
		{827B2A93-6450-4BB8-BB60-D99CE9891961}.Debug|x86.Build.0 = Debug|Any CPU
		{827B2A93-6450-4BB8-BB60-D99CE9891961}.Release|Any CPU.ActiveCfg = Release|Any CPU
		{827B2A93-6450-4BB8-BB60-D99CE9891961}.Release|Any CPU.Build.0 = Release|Any CPU
		{827B2A93-6450-4BB8-BB60-D99CE9891961}.Release|x64.ActiveCfg = Release|Any CPU
		{827B2A93-6450-4BB8-BB60-D99CE9891961}.Release|x64.Build.0 = Release|Any CPU
		{827B2A93-6450-4BB8-BB60-D99CE9891961}.Release|x86.ActiveCfg = Release|Any CPU
		{827B2A93-6450-4BB8-BB60-D99CE9891961}.Release|x86.Build.0 = Release|Any CPU
		{9734762D-E0BC-49FA-97BD-AC59ECBB463D}.Debug|Any CPU.ActiveCfg = Debug|Any CPU
		{9734762D-E0BC-49FA-97BD-AC59ECBB463D}.Debug|Any CPU.Build.0 = Debug|Any CPU
		{9734762D-E0BC-49FA-97BD-AC59ECBB463D}.Debug|x64.ActiveCfg = Debug|Any CPU
		{9734762D-E0BC-49FA-97BD-AC59ECBB463D}.Debug|x64.Build.0 = Debug|Any CPU
		{9734762D-E0BC-49FA-97BD-AC59ECBB463D}.Debug|x86.ActiveCfg = Debug|Any CPU
		{9734762D-E0BC-49FA-97BD-AC59ECBB463D}.Debug|x86.Build.0 = Debug|Any CPU
		{9734762D-E0BC-49FA-97BD-AC59ECBB463D}.Release|Any CPU.ActiveCfg = Release|Any CPU
		{9734762D-E0BC-49FA-97BD-AC59ECBB463D}.Release|Any CPU.Build.0 = Release|Any CPU
		{9734762D-E0BC-49FA-97BD-AC59ECBB463D}.Release|x64.ActiveCfg = Release|Any CPU
		{9734762D-E0BC-49FA-97BD-AC59ECBB463D}.Release|x64.Build.0 = Release|Any CPU
		{9734762D-E0BC-49FA-97BD-AC59ECBB463D}.Release|x86.ActiveCfg = Release|Any CPU
		{9734762D-E0BC-49FA-97BD-AC59ECBB463D}.Release|x86.Build.0 = Release|Any CPU
		{D6A36CCF-680B-4510-BF36-EC56CA8F244C}.Debug|Any CPU.ActiveCfg = Debug|Any CPU
		{D6A36CCF-680B-4510-BF36-EC56CA8F244C}.Debug|Any CPU.Build.0 = Debug|Any CPU
		{D6A36CCF-680B-4510-BF36-EC56CA8F244C}.Debug|x64.ActiveCfg = Debug|Any CPU
		{D6A36CCF-680B-4510-BF36-EC56CA8F244C}.Debug|x64.Build.0 = Debug|Any CPU
		{D6A36CCF-680B-4510-BF36-EC56CA8F244C}.Debug|x86.ActiveCfg = Debug|Any CPU
		{D6A36CCF-680B-4510-BF36-EC56CA8F244C}.Debug|x86.Build.0 = Debug|Any CPU
		{D6A36CCF-680B-4510-BF36-EC56CA8F244C}.Release|Any CPU.ActiveCfg = Release|Any CPU
		{D6A36CCF-680B-4510-BF36-EC56CA8F244C}.Release|Any CPU.Build.0 = Release|Any CPU
		{D6A36CCF-680B-4510-BF36-EC56CA8F244C}.Release|x64.ActiveCfg = Release|Any CPU
		{D6A36CCF-680B-4510-BF36-EC56CA8F244C}.Release|x64.Build.0 = Release|Any CPU
		{D6A36CCF-680B-4510-BF36-EC56CA8F244C}.Release|x86.ActiveCfg = Release|Any CPU
		{D6A36CCF-680B-4510-BF36-EC56CA8F244C}.Release|x86.Build.0 = Release|Any CPU
		{C91B2F2E-4E32-4B76-9E84-1B0603EA187C}.Debug|Any CPU.ActiveCfg = Debug|Any CPU
		{C91B2F2E-4E32-4B76-9E84-1B0603EA187C}.Debug|Any CPU.Build.0 = Debug|Any CPU
		{C91B2F2E-4E32-4B76-9E84-1B0603EA187C}.Debug|x64.ActiveCfg = Debug|Any CPU
		{C91B2F2E-4E32-4B76-9E84-1B0603EA187C}.Debug|x64.Build.0 = Debug|Any CPU
		{C91B2F2E-4E32-4B76-9E84-1B0603EA187C}.Debug|x86.ActiveCfg = Debug|Any CPU
		{C91B2F2E-4E32-4B76-9E84-1B0603EA187C}.Debug|x86.Build.0 = Debug|Any CPU
		{C91B2F2E-4E32-4B76-9E84-1B0603EA187C}.Release|Any CPU.ActiveCfg = Release|Any CPU
		{C91B2F2E-4E32-4B76-9E84-1B0603EA187C}.Release|Any CPU.Build.0 = Release|Any CPU
		{C91B2F2E-4E32-4B76-9E84-1B0603EA187C}.Release|x64.ActiveCfg = Release|Any CPU
		{C91B2F2E-4E32-4B76-9E84-1B0603EA187C}.Release|x64.Build.0 = Release|Any CPU
		{C91B2F2E-4E32-4B76-9E84-1B0603EA187C}.Release|x86.ActiveCfg = Release|Any CPU
		{C91B2F2E-4E32-4B76-9E84-1B0603EA187C}.Release|x86.Build.0 = Release|Any CPU
		{42D3C8D0-56E9-418F-9274-689209B4F169}.Debug|Any CPU.ActiveCfg = Debug|Any CPU
		{42D3C8D0-56E9-418F-9274-689209B4F169}.Debug|Any CPU.Build.0 = Debug|Any CPU
		{42D3C8D0-56E9-418F-9274-689209B4F169}.Debug|x64.ActiveCfg = Debug|Any CPU
		{42D3C8D0-56E9-418F-9274-689209B4F169}.Debug|x64.Build.0 = Debug|Any CPU
		{42D3C8D0-56E9-418F-9274-689209B4F169}.Debug|x86.ActiveCfg = Debug|Any CPU
		{42D3C8D0-56E9-418F-9274-689209B4F169}.Debug|x86.Build.0 = Debug|Any CPU
		{42D3C8D0-56E9-418F-9274-689209B4F169}.Release|Any CPU.ActiveCfg = Release|Any CPU
		{42D3C8D0-56E9-418F-9274-689209B4F169}.Release|Any CPU.Build.0 = Release|Any CPU
		{42D3C8D0-56E9-418F-9274-689209B4F169}.Release|x64.ActiveCfg = Release|Any CPU
		{42D3C8D0-56E9-418F-9274-689209B4F169}.Release|x64.Build.0 = Release|Any CPU
		{42D3C8D0-56E9-418F-9274-689209B4F169}.Release|x86.ActiveCfg = Release|Any CPU
		{42D3C8D0-56E9-418F-9274-689209B4F169}.Release|x86.Build.0 = Release|Any CPU
		{0E44F27B-AE32-4B7F-A646-60802218F354}.Debug|Any CPU.ActiveCfg = Debug|Any CPU
		{0E44F27B-AE32-4B7F-A646-60802218F354}.Debug|Any CPU.Build.0 = Debug|Any CPU
		{0E44F27B-AE32-4B7F-A646-60802218F354}.Debug|x64.ActiveCfg = Debug|Any CPU
		{0E44F27B-AE32-4B7F-A646-60802218F354}.Debug|x64.Build.0 = Debug|Any CPU
		{0E44F27B-AE32-4B7F-A646-60802218F354}.Debug|x86.ActiveCfg = Debug|Any CPU
		{0E44F27B-AE32-4B7F-A646-60802218F354}.Debug|x86.Build.0 = Debug|Any CPU
		{0E44F27B-AE32-4B7F-A646-60802218F354}.Release|Any CPU.ActiveCfg = Release|Any CPU
		{0E44F27B-AE32-4B7F-A646-60802218F354}.Release|Any CPU.Build.0 = Release|Any CPU
		{0E44F27B-AE32-4B7F-A646-60802218F354}.Release|x64.ActiveCfg = Release|Any CPU
		{0E44F27B-AE32-4B7F-A646-60802218F354}.Release|x64.Build.0 = Release|Any CPU
		{0E44F27B-AE32-4B7F-A646-60802218F354}.Release|x86.ActiveCfg = Release|Any CPU
		{0E44F27B-AE32-4B7F-A646-60802218F354}.Release|x86.Build.0 = Release|Any CPU
		{665F83EF-0F99-4FAF-9169-8CA1ABA5C451}.Debug|Any CPU.ActiveCfg = Debug|Any CPU
		{665F83EF-0F99-4FAF-9169-8CA1ABA5C451}.Debug|Any CPU.Build.0 = Debug|Any CPU
		{665F83EF-0F99-4FAF-9169-8CA1ABA5C451}.Debug|x64.ActiveCfg = Debug|Any CPU
		{665F83EF-0F99-4FAF-9169-8CA1ABA5C451}.Debug|x64.Build.0 = Debug|Any CPU
		{665F83EF-0F99-4FAF-9169-8CA1ABA5C451}.Debug|x86.ActiveCfg = Debug|Any CPU
		{665F83EF-0F99-4FAF-9169-8CA1ABA5C451}.Debug|x86.Build.0 = Debug|Any CPU
		{665F83EF-0F99-4FAF-9169-8CA1ABA5C451}.Release|Any CPU.ActiveCfg = Release|Any CPU
		{665F83EF-0F99-4FAF-9169-8CA1ABA5C451}.Release|Any CPU.Build.0 = Release|Any CPU
		{665F83EF-0F99-4FAF-9169-8CA1ABA5C451}.Release|x64.ActiveCfg = Release|Any CPU
		{665F83EF-0F99-4FAF-9169-8CA1ABA5C451}.Release|x64.Build.0 = Release|Any CPU
		{665F83EF-0F99-4FAF-9169-8CA1ABA5C451}.Release|x86.ActiveCfg = Release|Any CPU
		{665F83EF-0F99-4FAF-9169-8CA1ABA5C451}.Release|x86.Build.0 = Release|Any CPU
		{BD96BC5F-9F6F-4168-8D68-924ECDEACBAD}.Debug|Any CPU.ActiveCfg = Debug|Any CPU
		{BD96BC5F-9F6F-4168-8D68-924ECDEACBAD}.Debug|Any CPU.Build.0 = Debug|Any CPU
		{BD96BC5F-9F6F-4168-8D68-924ECDEACBAD}.Debug|x64.ActiveCfg = Debug|Any CPU
		{BD96BC5F-9F6F-4168-8D68-924ECDEACBAD}.Debug|x64.Build.0 = Debug|Any CPU
		{BD96BC5F-9F6F-4168-8D68-924ECDEACBAD}.Debug|x86.ActiveCfg = Debug|Any CPU
		{BD96BC5F-9F6F-4168-8D68-924ECDEACBAD}.Debug|x86.Build.0 = Debug|Any CPU
		{BD96BC5F-9F6F-4168-8D68-924ECDEACBAD}.Release|Any CPU.ActiveCfg = Release|Any CPU
		{BD96BC5F-9F6F-4168-8D68-924ECDEACBAD}.Release|Any CPU.Build.0 = Release|Any CPU
		{BD96BC5F-9F6F-4168-8D68-924ECDEACBAD}.Release|x64.ActiveCfg = Release|Any CPU
		{BD96BC5F-9F6F-4168-8D68-924ECDEACBAD}.Release|x64.Build.0 = Release|Any CPU
		{BD96BC5F-9F6F-4168-8D68-924ECDEACBAD}.Release|x86.ActiveCfg = Release|Any CPU
		{BD96BC5F-9F6F-4168-8D68-924ECDEACBAD}.Release|x86.Build.0 = Release|Any CPU
		{D4D4CB9A-D408-4664-9AC9-F7EDB5A6F87F}.Debug|Any CPU.ActiveCfg = Debug|Any CPU
		{D4D4CB9A-D408-4664-9AC9-F7EDB5A6F87F}.Debug|Any CPU.Build.0 = Debug|Any CPU
		{D4D4CB9A-D408-4664-9AC9-F7EDB5A6F87F}.Debug|x64.ActiveCfg = Debug|Any CPU
		{D4D4CB9A-D408-4664-9AC9-F7EDB5A6F87F}.Debug|x64.Build.0 = Debug|Any CPU
		{D4D4CB9A-D408-4664-9AC9-F7EDB5A6F87F}.Debug|x86.ActiveCfg = Debug|Any CPU
		{D4D4CB9A-D408-4664-9AC9-F7EDB5A6F87F}.Debug|x86.Build.0 = Debug|Any CPU
		{D4D4CB9A-D408-4664-9AC9-F7EDB5A6F87F}.Release|Any CPU.ActiveCfg = Release|Any CPU
		{D4D4CB9A-D408-4664-9AC9-F7EDB5A6F87F}.Release|Any CPU.Build.0 = Release|Any CPU
		{D4D4CB9A-D408-4664-9AC9-F7EDB5A6F87F}.Release|x64.ActiveCfg = Release|Any CPU
		{D4D4CB9A-D408-4664-9AC9-F7EDB5A6F87F}.Release|x64.Build.0 = Release|Any CPU
		{D4D4CB9A-D408-4664-9AC9-F7EDB5A6F87F}.Release|x86.ActiveCfg = Release|Any CPU
		{D4D4CB9A-D408-4664-9AC9-F7EDB5A6F87F}.Release|x86.Build.0 = Release|Any CPU
		{7C5F5E24-9129-43ED-BA8D-AC68EE1CB7BD}.Debug|Any CPU.ActiveCfg = Debug|Any CPU
		{7C5F5E24-9129-43ED-BA8D-AC68EE1CB7BD}.Debug|Any CPU.Build.0 = Debug|Any CPU
		{7C5F5E24-9129-43ED-BA8D-AC68EE1CB7BD}.Debug|x64.ActiveCfg = Debug|Any CPU
		{7C5F5E24-9129-43ED-BA8D-AC68EE1CB7BD}.Debug|x64.Build.0 = Debug|Any CPU
		{7C5F5E24-9129-43ED-BA8D-AC68EE1CB7BD}.Debug|x86.ActiveCfg = Debug|Any CPU
		{7C5F5E24-9129-43ED-BA8D-AC68EE1CB7BD}.Debug|x86.Build.0 = Debug|Any CPU
		{7C5F5E24-9129-43ED-BA8D-AC68EE1CB7BD}.Release|Any CPU.ActiveCfg = Release|Any CPU
		{7C5F5E24-9129-43ED-BA8D-AC68EE1CB7BD}.Release|Any CPU.Build.0 = Release|Any CPU
		{7C5F5E24-9129-43ED-BA8D-AC68EE1CB7BD}.Release|x64.ActiveCfg = Release|Any CPU
		{7C5F5E24-9129-43ED-BA8D-AC68EE1CB7BD}.Release|x64.Build.0 = Release|Any CPU
		{7C5F5E24-9129-43ED-BA8D-AC68EE1CB7BD}.Release|x86.ActiveCfg = Release|Any CPU
		{7C5F5E24-9129-43ED-BA8D-AC68EE1CB7BD}.Release|x86.Build.0 = Release|Any CPU
		{3DDEFF20-5375-470A-90BC-F435F52E46E3}.Debug|Any CPU.ActiveCfg = Debug|Any CPU
		{3DDEFF20-5375-470A-90BC-F435F52E46E3}.Debug|Any CPU.Build.0 = Debug|Any CPU
		{3DDEFF20-5375-470A-90BC-F435F52E46E3}.Debug|x64.ActiveCfg = Debug|Any CPU
		{3DDEFF20-5375-470A-90BC-F435F52E46E3}.Debug|x64.Build.0 = Debug|Any CPU
		{3DDEFF20-5375-470A-90BC-F435F52E46E3}.Debug|x86.ActiveCfg = Debug|Any CPU
		{3DDEFF20-5375-470A-90BC-F435F52E46E3}.Debug|x86.Build.0 = Debug|Any CPU
		{3DDEFF20-5375-470A-90BC-F435F52E46E3}.Release|Any CPU.ActiveCfg = Release|Any CPU
		{3DDEFF20-5375-470A-90BC-F435F52E46E3}.Release|Any CPU.Build.0 = Release|Any CPU
		{3DDEFF20-5375-470A-90BC-F435F52E46E3}.Release|x64.ActiveCfg = Release|Any CPU
		{3DDEFF20-5375-470A-90BC-F435F52E46E3}.Release|x64.Build.0 = Release|Any CPU
		{3DDEFF20-5375-470A-90BC-F435F52E46E3}.Release|x86.ActiveCfg = Release|Any CPU
		{3DDEFF20-5375-470A-90BC-F435F52E46E3}.Release|x86.Build.0 = Release|Any CPU
		{7990D806-F548-48AD-9258-74651FE18AD0}.Debug|Any CPU.ActiveCfg = Debug|Any CPU
		{7990D806-F548-48AD-9258-74651FE18AD0}.Debug|Any CPU.Build.0 = Debug|Any CPU
		{7990D806-F548-48AD-9258-74651FE18AD0}.Debug|x64.ActiveCfg = Debug|Any CPU
		{7990D806-F548-48AD-9258-74651FE18AD0}.Debug|x64.Build.0 = Debug|Any CPU
		{7990D806-F548-48AD-9258-74651FE18AD0}.Debug|x86.ActiveCfg = Debug|Any CPU
		{7990D806-F548-48AD-9258-74651FE18AD0}.Debug|x86.Build.0 = Debug|Any CPU
		{7990D806-F548-48AD-9258-74651FE18AD0}.Release|Any CPU.ActiveCfg = Release|Any CPU
		{7990D806-F548-48AD-9258-74651FE18AD0}.Release|Any CPU.Build.0 = Release|Any CPU
		{7990D806-F548-48AD-9258-74651FE18AD0}.Release|x64.ActiveCfg = Release|Any CPU
		{7990D806-F548-48AD-9258-74651FE18AD0}.Release|x64.Build.0 = Release|Any CPU
		{7990D806-F548-48AD-9258-74651FE18AD0}.Release|x86.ActiveCfg = Release|Any CPU
		{7990D806-F548-48AD-9258-74651FE18AD0}.Release|x86.Build.0 = Release|Any CPU
		{445124B0-EAB3-4C45-8AAE-23D8CA2FA666}.Debug|Any CPU.ActiveCfg = Debug|Any CPU
		{445124B0-EAB3-4C45-8AAE-23D8CA2FA666}.Debug|Any CPU.Build.0 = Debug|Any CPU
		{445124B0-EAB3-4C45-8AAE-23D8CA2FA666}.Debug|x64.ActiveCfg = Debug|Any CPU
		{445124B0-EAB3-4C45-8AAE-23D8CA2FA666}.Debug|x64.Build.0 = Debug|Any CPU
		{445124B0-EAB3-4C45-8AAE-23D8CA2FA666}.Debug|x86.ActiveCfg = Debug|Any CPU
		{445124B0-EAB3-4C45-8AAE-23D8CA2FA666}.Debug|x86.Build.0 = Debug|Any CPU
		{445124B0-EAB3-4C45-8AAE-23D8CA2FA666}.Release|Any CPU.ActiveCfg = Release|Any CPU
		{445124B0-EAB3-4C45-8AAE-23D8CA2FA666}.Release|Any CPU.Build.0 = Release|Any CPU
		{445124B0-EAB3-4C45-8AAE-23D8CA2FA666}.Release|x64.ActiveCfg = Release|Any CPU
		{445124B0-EAB3-4C45-8AAE-23D8CA2FA666}.Release|x64.Build.0 = Release|Any CPU
		{445124B0-EAB3-4C45-8AAE-23D8CA2FA666}.Release|x86.ActiveCfg = Release|Any CPU
		{445124B0-EAB3-4C45-8AAE-23D8CA2FA666}.Release|x86.Build.0 = Release|Any CPU
		{FBD1584E-AB85-4852-8412-F9B2EEF46750}.Debug|Any CPU.ActiveCfg = Debug|Any CPU
		{FBD1584E-AB85-4852-8412-F9B2EEF46750}.Debug|Any CPU.Build.0 = Debug|Any CPU
		{FBD1584E-AB85-4852-8412-F9B2EEF46750}.Debug|x64.ActiveCfg = Debug|Any CPU
		{FBD1584E-AB85-4852-8412-F9B2EEF46750}.Debug|x64.Build.0 = Debug|Any CPU
		{FBD1584E-AB85-4852-8412-F9B2EEF46750}.Debug|x86.ActiveCfg = Debug|Any CPU
		{FBD1584E-AB85-4852-8412-F9B2EEF46750}.Debug|x86.Build.0 = Debug|Any CPU
		{FBD1584E-AB85-4852-8412-F9B2EEF46750}.Release|Any CPU.ActiveCfg = Release|Any CPU
		{FBD1584E-AB85-4852-8412-F9B2EEF46750}.Release|Any CPU.Build.0 = Release|Any CPU
		{FBD1584E-AB85-4852-8412-F9B2EEF46750}.Release|x64.ActiveCfg = Release|Any CPU
		{FBD1584E-AB85-4852-8412-F9B2EEF46750}.Release|x64.Build.0 = Release|Any CPU
		{FBD1584E-AB85-4852-8412-F9B2EEF46750}.Release|x86.ActiveCfg = Release|Any CPU
		{FBD1584E-AB85-4852-8412-F9B2EEF46750}.Release|x86.Build.0 = Release|Any CPU
	EndGlobalSection
	GlobalSection(SolutionProperties) = preSolution
		HideSolutionNode = FALSE
	EndGlobalSection
	GlobalSection(NestedProjects) = preSolution
		{9734762D-E0BC-49FA-97BD-AC59ECBB463D} = {1EF7E9CE-FAF1-466C-99CF-C24585350579}
		{D6A36CCF-680B-4510-BF36-EC56CA8F244C} = {1EF7E9CE-FAF1-466C-99CF-C24585350579}
		{C91B2F2E-4E32-4B76-9E84-1B0603EA187C} = {1EF7E9CE-FAF1-466C-99CF-C24585350579}
		{42D3C8D0-56E9-418F-9274-689209B4F169} = {1EF7E9CE-FAF1-466C-99CF-C24585350579}
		{0E44F27B-AE32-4B7F-A646-60802218F354} = {1EF7E9CE-FAF1-466C-99CF-C24585350579}
		{665F83EF-0F99-4FAF-9169-8CA1ABA5C451} = {1EF7E9CE-FAF1-466C-99CF-C24585350579}
		{BD96BC5F-9F6F-4168-8D68-924ECDEACBAD} = {1EF7E9CE-FAF1-466C-99CF-C24585350579}
		{D4D4CB9A-D408-4664-9AC9-F7EDB5A6F87F} = {1EF7E9CE-FAF1-466C-99CF-C24585350579}
		{7C5F5E24-9129-43ED-BA8D-AC68EE1CB7BD} = {1EF7E9CE-FAF1-466C-99CF-C24585350579}
		{3DDEFF20-5375-470A-90BC-F435F52E46E3} = {D1C58248-A80B-46B5-85AA-1F4BAA829CDB}
		{7990D806-F548-48AD-9258-74651FE18AD0} = {28073404-EA9A-4030-B4CA-65A81873D44C}
		{445124B0-EAB3-4C45-8AAE-23D8CA2FA666} = {28073404-EA9A-4030-B4CA-65A81873D44C}
		{FBD1584E-AB85-4852-8412-F9B2EEF46750} = {28073404-EA9A-4030-B4CA-65A81873D44C}
	EndGlobalSection
EndGlobal
